
Microsoft Visual Studio Solution File, Format Version 12.00
# Visual Studio Version 17
VisualStudioVersion = 17.11.35303.130
MinimumVisualStudioVersion = 10.0.40219.1
Project("{FAE04EC0-301F-11D3-BF4B-00C04F79EFBC}") = "SwordCollection", "SwordCollection.csproj", "{748098CA-3D51-402F-9E43-815A25FAD05C}"
EndProject
Global
	GlobalSection(SolutionConfigurationPlatforms) = preSolution
		Debug|Any CPU = Debug|Any CPU
		Release|Any CPU = Release|Any CPU
	EndGlobalSection
	GlobalSection(ProjectConfigurationPlatforms) = postSolution
		{748098CA-3D51-402F-9E43-815A25FAD05C}.Debug|Any CPU.ActiveCfg = Debug|Any CPU
		{748098CA-3D51-402F-9E43-815A25FAD05C}.Debug|Any CPU.Build.0 = Debug|Any CPU
		{748098CA-3D51-402F-9E43-815A25FAD05C}.Release|Any CPU.ActiveCfg = Release|Any CPU
		{748098CA-3D51-402F-9E43-815A25FAD05C}.Release|Any CPU.Build.0 = Release|Any CPU
	EndGlobalSection
	GlobalSection(SolutionProperties) = preSolution
		HideSolutionNode = FALSE
	EndGlobalSection
	GlobalSection(ExtensibilityGlobals) = postSolution
		SolutionGuid = {9375CA90-1F43-4735-A357-9514CB309EC7}
	EndGlobalSection
EndGlobal
